
Microsoft Visual Studio Solution File, Format Version 12.00
# Visual Studio Version 17
VisualStudioVersion = 17.9.34723.18
MinimumVisualStudioVersion = 10.0.40219.1
Project("{FAE04EC0-301F-11D3-BF4B-00C04F79EFBC}") = "fronttoback", "fronttoback\fronttoback.csproj", "{A94F2606-6C76-47E1-A4AA-D463E2A6A6D7}"
EndProject
Global
	GlobalSection(SolutionConfigurationPlatforms) = preSolution
		Debug|Any CPU = Debug|Any CPU
		Release|Any CPU = Release|Any CPU
	EndGlobalSection
	GlobalSection(ProjectConfigurationPlatforms) = postSolution
		{A94F2606-6C76-47E1-A4AA-D463E2A6A6D7}.Debug|Any CPU.ActiveCfg = Debug|Any CPU
		{A94F2606-6C76-47E1-A4AA-D463E2A6A6D7}.Debug|Any CPU.Build.0 = Debug|Any CPU
		{A94F2606-6C76-47E1-A4AA-D463E2A6A6D7}.Release|Any CPU.ActiveCfg = Release|Any CPU
		{A94F2606-6C76-47E1-A4AA-D463E2A6A6D7}.Release|Any CPU.Build.0 = Release|Any CPU
	EndGlobalSection
	GlobalSection(SolutionProperties) = preSolution
		HideSolutionNode = FALSE
	EndGlobalSection
	GlobalSection(ExtensibilityGlobals) = postSolution
		SolutionGuid = {2578EFDB-F5B8-4AA4-BA46-4ED9C9086CF5}
	EndGlobalSection
EndGlobal
